
Microsoft Visual Studio Solution File, Format Version 12.00
# Visual Studio Version 17
VisualStudioVersion = 17.14.37012.4 d17.14
MinimumVisualStudioVersion = 10.0.40219.1
Project("{FAE04EC0-301F-11D3-BF4B-00C04F79EFBC}") = "Design Patterns 2", "Design Patterns 2\Design Patterns 2.csproj", "{FB30F6FA-DBDF-485C-9D0E-64A5355536B1}"
EndProject
Project("{FAE04EC0-301F-11D3-BF4B-00C04F79EFBC}") = "Facotory Patterrn", "Facotory Patterrn\Facotory Patterrn.csproj", "{F22ED47A-BF8A-4F7B-BE54-184AF2AE043C}"
EndProject
Project("{FAE04EC0-301F-11D3-BF4B-00C04F79EFBC}") = "Sate Pattern", "Sate Pattern\Sate Pattern.csproj", "{76A2D2DD-AC04-4BAC-ADB2-A95BADAB96EE}"
EndProject
Global
	GlobalSection(SolutionConfigurationPlatforms) = preSolution
		Debug|Any CPU = Debug|Any CPU
		Release|Any CPU = Release|Any CPU
	EndGlobalSection
	GlobalSection(ProjectConfigurationPlatforms) = postSolution
		{FB30F6FA-DBDF-485C-9D0E-64A5355536B1}.Debug|Any CPU.ActiveCfg = Debug|Any CPU
		{FB30F6FA-DBDF-485C-9D0E-64A5355536B1}.Debug|Any CPU.Build.0 = Debug|Any CPU
		{FB30F6FA-DBDF-485C-9D0E-64A5355536B1}.Release|Any CPU.ActiveCfg = Release|Any CPU
		{FB30F6FA-DBDF-485C-9D0E-64A5355536B1}.Release|Any CPU.Build.0 = Release|Any CPU
		{F22ED47A-BF8A-4F7B-BE54-184AF2AE043C}.Debug|Any CPU.ActiveCfg = Debug|Any CPU
		{F22ED47A-BF8A-4F7B-BE54-184AF2AE043C}.Debug|Any CPU.Build.0 = Debug|Any CPU
		{F22ED47A-BF8A-4F7B-BE54-184AF2AE043C}.Release|Any CPU.ActiveCfg = Release|Any CPU
		{F22ED47A-BF8A-4F7B-BE54-184AF2AE043C}.Release|Any CPU.Build.0 = Release|Any CPU
		{76A2D2DD-AC04-4BAC-ADB2-A95BADAB96EE}.Debug|Any CPU.ActiveCfg = Debug|Any CPU
		{76A2D2DD-AC04-4BAC-ADB2-A95BADAB96EE}.Debug|Any CPU.Build.0 = Debug|Any CPU
		{76A2D2DD-AC04-4BAC-ADB2-A95BADAB96EE}.Release|Any CPU.ActiveCfg = Release|Any CPU
		{76A2D2DD-AC04-4BAC-ADB2-A95BADAB96EE}.Release|Any CPU.Build.0 = Release|Any CPU
	EndGlobalSection
	GlobalSection(SolutionProperties) = preSolution
		HideSolutionNode = FALSE
	EndGlobalSection
	GlobalSection(ExtensibilityGlobals) = postSolution
		SolutionGuid = {36E9024A-C108-49F9-95BF-80036549B465}
	EndGlobalSection
EndGlobal
